Microsoft Visual Studio Solution File, Format Version 11.00
# Visual Studio 2008

Project("{07884AE3-75CE-8888-1F0C-5ED44A0EE3F3}") = "RPG_Base_Setup", "Assembly-CSharp-firstpass.csproj", "{0DBE3224-6481-E64B-741C-7AE52064C1D8}"
EndProject
Project("{07884AE3-75CE-8888-1F0C-5ED44A0EE3F3}") = "RPG_Base_Setup", "Assembly-CSharp.csproj", "{F1B04A8F-10A2-2E0A-A226-261119EC6E9D}"
EndProject
Project("{07884AE3-75CE-8888-1F0C-5ED44A0EE3F3}") = "RPG_Base_Setup", "Assembly-UnityScript-firstpass.unityproj", "{BD3F732E-41B9-678E-FEC7-E83A5C1AB77F}"
EndProject
Global
	GlobalSection(SolutionConfigurationPlatforms) = preSolution
		Debug|Any CPU = Debug|Any CPU
		Release|Any CPU = Release|Any CPU
	EndGlobalSection
	GlobalSection(ProjectConfigurationPlatforms) = postSolution
		{0DBE3224-6481-E64B-741C-7AE52064C1D8}.Debug|Any CPU.ActiveCfg = Debug|Any CPU
		{0DBE3224-6481-E64B-741C-7AE52064C1D8}.Debug|Any CPU.Build.0 = Debug|Any CPU
		{0DBE3224-6481-E64B-741C-7AE52064C1D8}.Release|Any CPU.ActiveCfg = Release|Any CPU
		{0DBE3224-6481-E64B-741C-7AE52064C1D8}.Release|Any CPU.Build.0 = Release|Any CPU
		{F1B04A8F-10A2-2E0A-A226-261119EC6E9D}.Debug|Any CPU.ActiveCfg = Debug|Any CPU
		{F1B04A8F-10A2-2E0A-A226-261119EC6E9D}.Debug|Any CPU.Build.0 = Debug|Any CPU
		{F1B04A8F-10A2-2E0A-A226-261119EC6E9D}.Release|Any CPU.ActiveCfg = Release|Any CPU
		{F1B04A8F-10A2-2E0A-A226-261119EC6E9D}.Release|Any CPU.Build.0 = Release|Any CPU
		{BD3F732E-41B9-678E-FEC7-E83A5C1AB77F}.Debug|Any CPU.ActiveCfg = Debug|Any CPU
		{BD3F732E-41B9-678E-FEC7-E83A5C1AB77F}.Debug|Any CPU.Build.0 = Debug|Any CPU
		{BD3F732E-41B9-678E-FEC7-E83A5C1AB77F}.Release|Any CPU.ActiveCfg = Release|Any CPU
		{BD3F732E-41B9-678E-FEC7-E83A5C1AB77F}.Release|Any CPU.Build.0 = Release|Any CPU
	EndGlobalSection
	GlobalSection(SolutionProperties) = preSolution
		HideSolutionNode = FALSE
	EndGlobalSection
	GlobalSection(MonoDevelopProperties) = preSolution
		StartupItem = Assembly-CSharp.csproj
		Policies = $0
		$0.TextStylePolicy = $1
		$1.inheritsSet = null
		$1.scope = text/x-csharp
		$0.CSharpFormattingPolicy = $2
		$2.inheritsSet = Mono
		$2.inheritsScope = text/x-csharp
		$2.scope = text/x-csharp
		$0.TextStylePolicy = $3
		$3.FileWidth = 120
		$3.TabWidth = 4
		$3.EolMarker = Unix
		$3.inheritsSet = Mono
		$3.inheritsScope = text/plain
		$3.scope = text/plain
	EndGlobalSection
EndGlobal
